
Microsoft Visual Studio Solution File, Format Version 12.00
# Visual Studio Version 16
Project("{2150E333-8FDC-42A3-9474-1A3956D46DE8}") = "1_Original", "1_Original", "{95816968-CB84-4165-800D-471EC433D486}"
EndProject
Project("{FAE04EC0-301F-11D3-BF4B-00C04F79EFBC}") = "Soat.CleanCode.VideoStore.Original", "1_Original\Soat.CleanCode.VideoStore.Original\Soat.CleanCode.VideoStore.Original.csproj", "{E3EF44DD-AE09-48CD-AA05-D0A82D7E7038}"
EndProject
Project("{FAE04EC0-301F-11D3-BF4B-00C04F79EFBC}") = "Soat.CleanCode.VideoStore.Original.Tests", "1_Original\Soat.CleanCode.VideoStore.Original.Tests\Soat.CleanCode.VideoStore.Original.Tests.csproj", "{926C2D6F-CF05-4AB7-B998-8CA13C513B6E}"
EndProject
Global
	GlobalSection(SolutionConfigurationPlatforms) = preSolution
		Debug|Any CPU = Debug|Any CPU
		Release|Any CPU = Release|Any CPU
	EndGlobalSection
	GlobalSection(ProjectConfigurationPlatforms) = postSolution
		{E3EF44DD-AE09-48CD-AA05-D0A82D7E7038}.Debug|Any CPU.ActiveCfg = Debug|Any CPU
		{E3EF44DD-AE09-48CD-AA05-D0A82D7E7038}.Debug|Any CPU.Build.0 = Debug|Any CPU
		{E3EF44DD-AE09-48CD-AA05-D0A82D7E7038}.Release|Any CPU.ActiveCfg = Release|Any CPU
		{E3EF44DD-AE09-48CD-AA05-D0A82D7E7038}.Release|Any CPU.Build.0 = Release|Any CPU
		{926C2D6F-CF05-4AB7-B998-8CA13C513B6E}.Debug|Any CPU.ActiveCfg = Debug|Any CPU
		{926C2D6F-CF05-4AB7-B998-8CA13C513B6E}.Debug|Any CPU.Build.0 = Debug|Any CPU
		{926C2D6F-CF05-4AB7-B998-8CA13C513B6E}.Release|Any CPU.ActiveCfg = Release|Any CPU
		{926C2D6F-CF05-4AB7-B998-8CA13C513B6E}.Release|Any CPU.Build.0 = Release|Any CPU
	EndGlobalSection
	GlobalSection(NestedProjects) = preSolution
		{E3EF44DD-AE09-48CD-AA05-D0A82D7E7038} = {95816968-CB84-4165-800D-471EC433D486}
		{926C2D6F-CF05-4AB7-B998-8CA13C513B6E} = {95816968-CB84-4165-800D-471EC433D486}
	EndGlobalSection
EndGlobal
